
Microsoft Visual Studio Solution File, Format Version 12.00
# Visual Studio Version 16
VisualStudioVersion = 16.0.30907.101
MinimumVisualStudioVersion = 10.0.40219.1
Project("{9A19103F-16F7-4668-BE54-9A1E7A4F7556}") = "HomeWork", "HomeWork\HomeWork.csproj", "{A3E87671-E996-4E32-BF33-CDDCF8464773}"
EndProject
Project("{2150E333-8FDC-42A3-9474-1A3956D46DE8}") = "1", "1", "{1614054A-699E-4241-A210-90056A18D090}"
EndProject
Project("{2150E333-8FDC-42A3-9474-1A3956D46DE8}") = "2", "2", "{CAFF781A-BBF3-400D-845F-9C3601842AEA}"
EndProject
Project("{9A19103F-16F7-4668-BE54-9A1E7A4F7556}") = "HomeWork_2_2", "HomeWork_2_2\HomeWork_2_2.csproj", "{67CADEB6-213C-44C6-AB7A-F7655F878C23}"
EndProject
Project("{9A19103F-16F7-4668-BE54-9A1E7A4F7556}") = "HomeWork_2_1", "HomeWork_2_1\HomeWork_2_1.csproj", "{1D263764-2EA3-49B9-BCE8-790B852EFEA5}"
EndProject
Project("{9A19103F-16F7-4668-BE54-9A1E7A4F7556}") = "HomeWork_2_3", "HomeWork_2_3\HomeWork_2_3.csproj", "{211D6226-FD79-4B0C-8EE5-4C16FA0CCA77}"
EndProject
Project("{9A19103F-16F7-4668-BE54-9A1E7A4F7556}") = "HomeWork_2_4", "HomeWork_2_4\HomeWork_2_4.csproj", "{BAAD7049-6D35-480E-86D2-0694B6B0EBCC}"
EndProject
Project("{2150E333-8FDC-42A3-9474-1A3956D46DE8}") = "3", "3", "{CAB220B5-1359-4B45-B92E-23878BC21752}"
EndProject
Project("{9A19103F-16F7-4668-BE54-9A1E7A4F7556}") = "HomeWork_3_1", "HomeWork_3_1\HomeWork_3_1.csproj", "{867FED35-2F23-4A2F-88FC-F4EF842DD393}"
EndProject
Project("{2150E333-8FDC-42A3-9474-1A3956D46DE8}") = "4", "4", "{4EC3F298-69F7-475C-94FC-DAF9FCE3E2F2}"
EndProject
Project("{9A19103F-16F7-4668-BE54-9A1E7A4F7556}") = "HomeWork_4_1", "HomeWork_4_1\HomeWork_4_1.csproj", "{74B1F359-5F46-4C54-885F-9D0B5D423735}"
EndProject
Project("{2150E333-8FDC-42A3-9474-1A3956D46DE8}") = "5", "5", "{8B17F67E-93CB-4651-83D6-BB5E72ED7596}"
EndProject
Project("{9A19103F-16F7-4668-BE54-9A1E7A4F7556}") = "HomeWork_5_1", "HomeWork_5_1\HomeWork_5_1.csproj", "{23720115-740F-45CB-ADF3-3DD1A18FF544}"
EndProject
Project("{2150E333-8FDC-42A3-9474-1A3956D46DE8}") = "6", "6", "{1B6A53F2-83EE-48A5-AB8D-B6B0B36AF527}"
EndProject
Project("{9A19103F-16F7-4668-BE54-9A1E7A4F7556}") = "HomeWork_6", "HomeWork_6\HomeWork_6.csproj", "{9E2D79C4-8E47-4A6D-8BA9-616C1F6275EE}"
EndProject
Project("{2150E333-8FDC-42A3-9474-1A3956D46DE8}") = "8", "8", "{7070268F-F810-48D5-AAAD-BA4D18CE3B9F}"
EndProject
Project("{FAE04EC0-301F-11D3-BF4B-00C04F79EFBC}") = "HomeWork_8", "HomeWork_8\HomeWork_8.csproj", "{A7DC2DA7-2A23-41E3-8F9E-18ECC089CBF5}"
EndProject
Global
	GlobalSection(SolutionConfigurationPlatforms) = preSolution
		Debug|Any CPU = Debug|Any CPU
		Release|Any CPU = Release|Any CPU
	EndGlobalSection
	GlobalSection(ProjectConfigurationPlatforms) = postSolution
		{A3E87671-E996-4E32-BF33-CDDCF8464773}.Debug|Any CPU.ActiveCfg = Debug|Any CPU
		{A3E87671-E996-4E32-BF33-CDDCF8464773}.Debug|Any CPU.Build.0 = Debug|Any CPU
		{A3E87671-E996-4E32-BF33-CDDCF8464773}.Release|Any CPU.ActiveCfg = Release|Any CPU
		{A3E87671-E996-4E32-BF33-CDDCF8464773}.Release|Any CPU.Build.0 = Release|Any CPU
		{67CADEB6-213C-44C6-AB7A-F7655F878C23}.Debug|Any CPU.ActiveCfg = Debug|Any CPU
		{67CADEB6-213C-44C6-AB7A-F7655F878C23}.Debug|Any CPU.Build.0 = Debug|Any CPU
		{67CADEB6-213C-44C6-AB7A-F7655F878C23}.Release|Any CPU.ActiveCfg = Release|Any CPU
		{67CADEB6-213C-44C6-AB7A-F7655F878C23}.Release|Any CPU.Build.0 = Release|Any CPU
		{1D263764-2EA3-49B9-BCE8-790B852EFEA5}.Debug|Any CPU.ActiveCfg = Debug|Any CPU
		{1D263764-2EA3-49B9-BCE8-790B852EFEA5}.Debug|Any CPU.Build.0 = Debug|Any CPU
		{1D263764-2EA3-49B9-BCE8-790B852EFEA5}.Release|Any CPU.ActiveCfg = Release|Any CPU
		{1D263764-2EA3-49B9-BCE8-790B852EFEA5}.Release|Any CPU.Build.0 = Release|Any CPU
		{211D6226-FD79-4B0C-8EE5-4C16FA0CCA77}.Debug|Any CPU.ActiveCfg = Debug|Any CPU
		{211D6226-FD79-4B0C-8EE5-4C16FA0CCA77}.Debug|Any CPU.Build.0 = Debug|Any CPU
		{211D6226-FD79-4B0C-8EE5-4C16FA0CCA77}.Release|Any CPU.ActiveCfg = Release|Any CPU
		{211D6226-FD79-4B0C-8EE5-4C16FA0CCA77}.Release|Any CPU.Build.0 = Release|Any CPU
		{BAAD7049-6D35-480E-86D2-0694B6B0EBCC}.Debug|Any CPU.ActiveCfg = Debug|Any CPU
		{BAAD7049-6D35-480E-86D2-0694B6B0EBCC}.Debug|Any CPU.Build.0 = Debug|Any CPU
		{BAAD7049-6D35-480E-86D2-0694B6B0EBCC}.Release|Any CPU.ActiveCfg = Release|Any CPU
		{BAAD7049-6D35-480E-86D2-0694B6B0EBCC}.Release|Any CPU.Build.0 = Release|Any CPU
		{867FED35-2F23-4A2F-88FC-F4EF842DD393}.Debug|Any CPU.ActiveCfg = Debug|Any CPU
		{867FED35-2F23-4A2F-88FC-F4EF842DD393}.Debug|Any CPU.Build.0 = Debug|Any CPU
		{867FED35-2F23-4A2F-88FC-F4EF842DD393}.Release|Any CPU.ActiveCfg = Release|Any CPU
		{867FED35-2F23-4A2F-88FC-F4EF842DD393}.Release|Any CPU.Build.0 = Release|Any CPU
		{74B1F359-5F46-4C54-885F-9D0B5D423735}.Debug|Any CPU.ActiveCfg = Debug|Any CPU
		{74B1F359-5F46-4C54-885F-9D0B5D423735}.Debug|Any CPU.Build.0 = Debug|Any CPU
		{74B1F359-5F46-4C54-885F-9D0B5D423735}.Release|Any CPU.ActiveCfg = Release|Any CPU
		{74B1F359-5F46-4C54-885F-9D0B5D423735}.Release|Any CPU.Build.0 = Release|Any CPU
		{23720115-740F-45CB-ADF3-3DD1A18FF544}.Debug|Any CPU.ActiveCfg = Debug|Any CPU
		{23720115-740F-45CB-ADF3-3DD1A18FF544}.Debug|Any CPU.Build.0 = Debug|Any CPU
		{23720115-740F-45CB-ADF3-3DD1A18FF544}.Release|Any CPU.ActiveCfg = Release|Any CPU
		{23720115-740F-45CB-ADF3-3DD1A18FF544}.Release|Any CPU.Build.0 = Release|Any CPU
		{9E2D79C4-8E47-4A6D-8BA9-616C1F6275EE}.Debug|Any CPU.ActiveCfg = Debug|Any CPU
		{9E2D79C4-8E47-4A6D-8BA9-616C1F6275EE}.Debug|Any CPU.Build.0 = Debug|Any CPU
		{9E2D79C4-8E47-4A6D-8BA9-616C1F6275EE}.Release|Any CPU.ActiveCfg = Release|Any CPU
		{9E2D79C4-8E47-4A6D-8BA9-616C1F6275EE}.Release|Any CPU.Build.0 = Release|Any CPU
		{A7DC2DA7-2A23-41E3-8F9E-18ECC089CBF5}.Debug|Any CPU.ActiveCfg = Debug|Any CPU
		{A7DC2DA7-2A23-41E3-8F9E-18ECC089CBF5}.Debug|Any CPU.Build.0 = Debug|Any CPU
		{A7DC2DA7-2A23-41E3-8F9E-18ECC089CBF5}.Release|Any CPU.ActiveCfg = Release|Any CPU
		{A7DC2DA7-2A23-41E3-8F9E-18ECC089CBF5}.Release|Any CPU.Build.0 = Release|Any CPU
	EndGlobalSection
	GlobalSection(SolutionProperties) = preSolution
		HideSolutionNode = FALSE
	EndGlobalSection
	GlobalSection(NestedProjects) = preSolution
		{A3E87671-E996-4E32-BF33-CDDCF8464773} = {1614054A-699E-4241-A210-90056A18D090}
		{67CADEB6-213C-44C6-AB7A-F7655F878C23} = {CAFF781A-BBF3-400D-845F-9C3601842AEA}
		{1D263764-2EA3-49B9-BCE8-790B852EFEA5} = {CAFF781A-BBF3-400D-845F-9C3601842AEA}
		{211D6226-FD79-4B0C-8EE5-4C16FA0CCA77} = {CAFF781A-BBF3-400D-845F-9C3601842AEA}
		{BAAD7049-6D35-480E-86D2-0694B6B0EBCC} = {CAFF781A-BBF3-400D-845F-9C3601842AEA}
		{867FED35-2F23-4A2F-88FC-F4EF842DD393} = {CAB220B5-1359-4B45-B92E-23878BC21752}
		{74B1F359-5F46-4C54-885F-9D0B5D423735} = {4EC3F298-69F7-475C-94FC-DAF9FCE3E2F2}
		{23720115-740F-45CB-ADF3-3DD1A18FF544} = {8B17F67E-93CB-4651-83D6-BB5E72ED7596}
		{9E2D79C4-8E47-4A6D-8BA9-616C1F6275EE} = {1B6A53F2-83EE-48A5-AB8D-B6B0B36AF527}
		{A7DC2DA7-2A23-41E3-8F9E-18ECC089CBF5} = {7070268F-F810-48D5-AAAD-BA4D18CE3B9F}
	EndGlobalSection
	GlobalSection(ExtensibilityGlobals) = postSolution
		SolutionGuid = {D65771B6-A085-4175-A539-B76CC386305A}
	EndGlobalSection
EndGlobal
