
Microsoft Visual Studio Solution File, Format Version 12.00
# Visual Studio Version 16
VisualStudioVersion = 16.0.30907.101
MinimumVisualStudioVersion = 10.0.40219.1
Project("{FAE04EC0-301F-11D3-BF4B-00C04F79EFBC}") = "HomeWork", "HomeWork\HomeWork.csproj", "{A3E87671-E996-4E32-BF33-CDDCF8464773}"
EndProject
Global
	GlobalSection(SolutionConfigurationPlatforms) = preSolution
		Debug|Any CPU = Debug|Any CPU
		Release|Any CPU = Release|Any CPU
	EndGlobalSection
	GlobalSection(ProjectConfigurationPlatforms) = postSolution
		{A3E87671-E996-4E32-BF33-CDDCF8464773}.Debug|Any CPU.ActiveCfg = Debug|Any CPU
		{A3E87671-E996-4E32-BF33-CDDCF8464773}.Debug|Any CPU.Build.0 = Debug|Any CPU
		{A3E87671-E996-4E32-BF33-CDDCF8464773}.Release|Any CPU.ActiveCfg = Release|Any CPU
		{A3E87671-E996-4E32-BF33-CDDCF8464773}.Release|Any CPU.Build.0 = Release|Any CPU
	EndGlobalSection
	GlobalSection(SolutionProperties) = preSolution
		HideSolutionNode = FALSE
	EndGlobalSection
	GlobalSection(ExtensibilityGlobals) = postSolution
		SolutionGuid = {D65771B6-A085-4175-A539-B76CC386305A}
	EndGlobalSection
EndGlobal
